
Microsoft Visual Studio Solution File, Format Version 12.00
# Visual Studio 2015
Project("{FAE04EC0-301F-11D3-BF4B-00C04F79EFBC}") = "RunWayProject.CSharp", "RunWayProject.CSharp.csproj", "{A64871A1-A107-08AF-CD49-5C28517CDA11}"
EndProject
Project("{FAE04EC0-301F-11D3-BF4B-00C04F79EFBC}") = "RunWayProject.CSharp.Editor", "RunWayProject.CSharp.Editor.csproj", "{942334B9-83B2-92EB-2133-A73150E5E75E}"
EndProject
Global
	GlobalSection(SolutionConfigurationPlatforms) = preSolution
		Debug|Any CPU = Debug|Any CPU
		Release|Any CPU = Release|Any CPU
	EndGlobalSection
	GlobalSection(ProjectConfigurationPlatforms) = postSolution
		{A64871A1-A107-08AF-CD49-5C28517CDA11}.Debug|Any CPU.ActiveCfg = Debug|Any CPU
		{A64871A1-A107-08AF-CD49-5C28517CDA11}.Debug|Any CPU.Build.0 = Debug|Any CPU
		{A64871A1-A107-08AF-CD49-5C28517CDA11}.Release|Any CPU.ActiveCfg = Release|Any CPU
		{A64871A1-A107-08AF-CD49-5C28517CDA11}.Release|Any CPU.Build.0 = Release|Any CPU
		{942334B9-83B2-92EB-2133-A73150E5E75E}.Debug|Any CPU.ActiveCfg = Debug|Any CPU
		{942334B9-83B2-92EB-2133-A73150E5E75E}.Debug|Any CPU.Build.0 = Debug|Any CPU
		{942334B9-83B2-92EB-2133-A73150E5E75E}.Release|Any CPU.ActiveCfg = Release|Any CPU
		{942334B9-83B2-92EB-2133-A73150E5E75E}.Release|Any CPU.Build.0 = Release|Any CPU
	EndGlobalSection
	GlobalSection(SolutionProperties) = preSolution
		HideSolutionNode = FALSE
	EndGlobalSection
EndGlobal
